
Microsoft Visual Studio Solution File, Format Version 12.00
# Visual Studio Version 17
VisualStudioVersion = 17.5.33414.496
MinimumVisualStudioVersion = 10.0.40219.1
Project("{9A19103F-16F7-4668-BE54-9A1E7A4F7556}") = "Task1", "Task1\Task1.csproj", "{2002F2A9-D3E5-45BB-B371-CE014584644F}"
EndProject
Project("{9A19103F-16F7-4668-BE54-9A1E7A4F7556}") = "Task2", "Task2\Task2.csproj", "{9CF8AA89-4FE7-4576-A1BA-4086025CF75D}"
EndProject
Project("{9A19103F-16F7-4668-BE54-9A1E7A4F7556}") = "Task3", "Task3\Task3.csproj", "{B490A1B2-83AB-4261-AC71-3B229D67D0E0}"
EndProject
Project("{2150E333-8FDC-42A3-9474-1A3956D46DE8}") = "Solution Items", "Solution Items", "{78C5B4AB-2585-4EC9-AE88-AF4A12774798}"
	ProjectSection(SolutionItems) = preProject
		README.md = README.md
	EndProjectSection
EndProject
Global
	GlobalSection(SolutionConfigurationPlatforms) = preSolution
		Debug|Any CPU = Debug|Any CPU
		Release|Any CPU = Release|Any CPU
	EndGlobalSection
	GlobalSection(ProjectConfigurationPlatforms) = postSolution
		{2002F2A9-D3E5-45BB-B371-CE014584644F}.Debug|Any CPU.ActiveCfg = Debug|Any CPU
		{2002F2A9-D3E5-45BB-B371-CE014584644F}.Debug|Any CPU.Build.0 = Debug|Any CPU
		{2002F2A9-D3E5-45BB-B371-CE014584644F}.Release|Any CPU.ActiveCfg = Release|Any CPU
		{2002F2A9-D3E5-45BB-B371-CE014584644F}.Release|Any CPU.Build.0 = Release|Any CPU
		{9CF8AA89-4FE7-4576-A1BA-4086025CF75D}.Debug|Any CPU.ActiveCfg = Debug|Any CPU
		{9CF8AA89-4FE7-4576-A1BA-4086025CF75D}.Debug|Any CPU.Build.0 = Debug|Any CPU
		{9CF8AA89-4FE7-4576-A1BA-4086025CF75D}.Release|Any CPU.ActiveCfg = Release|Any CPU
		{9CF8AA89-4FE7-4576-A1BA-4086025CF75D}.Release|Any CPU.Build.0 = Release|Any CPU
		{B490A1B2-83AB-4261-AC71-3B229D67D0E0}.Debug|Any CPU.ActiveCfg = Debug|Any CPU
		{B490A1B2-83AB-4261-AC71-3B229D67D0E0}.Debug|Any CPU.Build.0 = Debug|Any CPU
		{B490A1B2-83AB-4261-AC71-3B229D67D0E0}.Release|Any CPU.ActiveCfg = Release|Any CPU
		{B490A1B2-83AB-4261-AC71-3B229D67D0E0}.Release|Any CPU.Build.0 = Release|Any CPU
	EndGlobalSection
	GlobalSection(SolutionProperties) = preSolution
		HideSolutionNode = FALSE
	EndGlobalSection
	GlobalSection(ExtensibilityGlobals) = postSolution
		SolutionGuid = {6405C851-8780-426E-924E-F2846DE88D5A}
	EndGlobalSection
EndGlobal
